
Microsoft Visual Studio Solution File, Format Version 12.00
# Visual Studio Version 17
VisualStudioVersion = 17.5.002.0
MinimumVisualStudioVersion = 10.0.40219.1
Project("{2150E333-8FDC-42A3-9474-1A3956D46DE8}") = "Module5", "Module5", "{B8CF5E55-0A9C-4BB4-8A41-D1DE1C7988BF}"
EndProject
Project("{9A19103F-16F7-4668-BE54-9A1E7A4F7556}") = "CSharpWebsiteProject", "Module5\CSharpWebsiteProject\CSharpWebsiteProject.csproj", "{B7B42C08-6A53-4FCF-8F0E-8408933843EB}"
EndProject
Project("{2150E333-8FDC-42A3-9474-1A3956D46DE8}") = "Module4", "Module4", "{7F1A943F-07D7-48DB-B461-239F5DD80D34}"
EndProject
Project("{2150E333-8FDC-42A3-9474-1A3956D46DE8}") = "TodoApp", "TodoApp", "{6FA4CF02-E34C-467F-9E4E-FA3A92FF31D7}"
EndProject
Project("{9A19103F-16F7-4668-BE54-9A1E7A4F7556}") = "TodoApp", "Module4\TodoApp\TodoApp\TodoApp.csproj", "{5CA474B4-8F2F-4969-9FFF-52EC49903252}"
EndProject
Global
	GlobalSection(SolutionConfigurationPlatforms) = preSolution
		Debug|Any CPU = Debug|Any CPU
		Release|Any CPU = Release|Any CPU
	EndGlobalSection
	GlobalSection(ProjectConfigurationPlatforms) = postSolution
		{B7B42C08-6A53-4FCF-8F0E-8408933843EB}.Debug|Any CPU.ActiveCfg = Debug|Any CPU
		{B7B42C08-6A53-4FCF-8F0E-8408933843EB}.Debug|Any CPU.Build.0 = Debug|Any CPU
		{B7B42C08-6A53-4FCF-8F0E-8408933843EB}.Release|Any CPU.ActiveCfg = Release|Any CPU
		{B7B42C08-6A53-4FCF-8F0E-8408933843EB}.Release|Any CPU.Build.0 = Release|Any CPU
		{5CA474B4-8F2F-4969-9FFF-52EC49903252}.Debug|Any CPU.ActiveCfg = Debug|Any CPU
		{5CA474B4-8F2F-4969-9FFF-52EC49903252}.Debug|Any CPU.Build.0 = Debug|Any CPU
		{5CA474B4-8F2F-4969-9FFF-52EC49903252}.Release|Any CPU.ActiveCfg = Release|Any CPU
		{5CA474B4-8F2F-4969-9FFF-52EC49903252}.Release|Any CPU.Build.0 = Release|Any CPU
	EndGlobalSection
	GlobalSection(SolutionProperties) = preSolution
		HideSolutionNode = FALSE
	EndGlobalSection
	GlobalSection(NestedProjects) = preSolution
		{B7B42C08-6A53-4FCF-8F0E-8408933843EB} = {B8CF5E55-0A9C-4BB4-8A41-D1DE1C7988BF}
		{6FA4CF02-E34C-467F-9E4E-FA3A92FF31D7} = {7F1A943F-07D7-48DB-B461-239F5DD80D34}
		{5CA474B4-8F2F-4969-9FFF-52EC49903252} = {6FA4CF02-E34C-467F-9E4E-FA3A92FF31D7}
	EndGlobalSection
	GlobalSection(ExtensibilityGlobals) = postSolution
		SolutionGuid = {9782F4F5-3A25-4C45-A71F-BA0A4AB77C18}
	EndGlobalSection
EndGlobal
